{
  "nodes": {
    "fenix": {
      "inputs": {
        "nixpkgs": [
          "nixpkgs"
        ],
        "rust-analyzer-src": "rust-analyzer-src"
      },
      "locked": {
        "lastModified": 1644560676,
        "narHash": "sha256-KBC2Fn6ynCIE2sUUmJiNPY2QDWeh9caP8M1RPiUW5nE=",
        "owner": "nix-community",
        "repo": "fenix",
        "rev": "6fbfc2821a058eb820bb3742a762bbba5a99f0df",
        "type": "github"
      },
      "original": {
        "owner": "nix-community",
        "repo": "fenix",
        "type": "github"
      }
    },
    "flake-compat": {
      "flake": false,
      "locked": {
        "lastModified": 1627913399,
        "narHash": "sha256-hY8g6H2KFL8ownSiFeMOjwPC8P0ueXpCVEbxgda3pko=",
        "owner": "edolstra",
        "repo": "flake-compat",
        "rev": "12c64ca55c1014cdc1b16ed5a804aa8576601ff2",
        "type": "github"
      },
      "original": {
        "owner": "edolstra",
        "repo": "flake-compat",
        "type": "github"
      }
    },
    "flake-utils": {
      "locked": {
        "lastModified": 1644229661,
        "narHash": "sha256-1YdnJAsNy69bpcjuoKdOYQX0YxZBiCYZo4Twxerqv7k=",
        "owner": "numtide",
        "repo": "flake-utils",
        "rev": "3cecb5b042f7f209c56ffd8371b2711a290ec797",
        "type": "github"
      },
      "original": {
        "owner": "numtide",
        "repo": "flake-utils",
        "type": "github"
      }
    },
    "home-manager": {
      "inputs": {
        "nixpkgs": [
          "nixpkgs"
        ]
      },
      "locked": {
        "lastModified": 1643933536,
        "narHash": "sha256-yRmsWAG4DnLxLIUtlaZsl0kH7rN5xSoyNRlf0YZrcH4=",
        "owner": "nix-community",
        "repo": "home-manager",
        "rev": "2860d7e3bb350f18f7477858f3513f9798896831",
        "type": "github"
      },
      "original": {
        "owner": "nix-community",
        "ref": "release-21.11",
        "repo": "home-manager",
        "type": "github"
      }
    },
    "import-cargo": {
      "locked": {
        "lastModified": 1594305518,
        "narHash": "sha256-frtArgN42rSaEcEOYWg8sVPMUK+Zgch3c+wejcpX3DY=",
        "owner": "edolstra",
        "repo": "import-cargo",
        "rev": "25d40be4a73d40a2572e0cc233b83253554f06c5",
        "type": "github"
      },
      "original": {
        "owner": "edolstra",
        "repo": "import-cargo",
        "type": "github"
      }
    },
    "nixos-wsl": {
      "inputs": {
        "flake-utils": [
          "flake-utils"
        ],
        "nixpkgs": [
          "nixpkgs"
        ]
      },
      "locked": {
        "lastModified": 1640541318,
        "narHash": "sha256-zLouG0KLrduUYpttGaK9/5qHDwd1evCNiQo9jdizybw=",
        "owner": "braunse",
        "repo": "NixOS-WSL",
        "rev": "c5eae8574a76dcb87c7d27c560b320971a2d084d",
        "type": "github"
      },
      "original": {
        "owner": "braunse",
        "repo": "NixOS-WSL",
        "type": "github"
      }
    },
    "nixpkgs": {
      "locked": {
        "lastModified": 1644472683,
        "narHash": "sha256-sP6iM4NksOYO6NFfTJ96cg+ClPnq6cdY30xKA1iYtyU=",
        "owner": "NixOS",
        "repo": "nixpkgs",
        "rev": "7adc9c14ec74b27358a8df9b973087e351425a79",
        "type": "github"
      },
      "original": {
        "owner": "NixOS",
        "ref": "nixos-21.11",
        "repo": "nixpkgs",
        "type": "github"
      }
    },
    "root": {
      "inputs": {
        "fenix": "fenix",
        "flake-utils": "flake-utils",
        "home-manager": "home-manager",
        "import-cargo": "import-cargo",
        "nixos-wsl": "nixos-wsl",
        "nixpkgs": "nixpkgs",
        "rust-analyzer-src": "rust-analyzer-src_2",
        "rust-overlay": "rust-overlay",
        "struct": "struct"
      }
    },
    "rust-analyzer-src": {
      "flake": false,
      "locked": {
        "lastModified": 1644391473,
        "narHash": "sha256-39Mhn0JxV8QHog+B2KjeMalblXP8DFU5rRVkLXZILGk=",
        "owner": "rust-analyzer",
        "repo": "rust-analyzer",
        "rev": "08348d79fa3ccb2aeeea87e758dcd5f1614c7ad8",
        "type": "github"
      },
      "original": {
        "owner": "rust-analyzer",
        "ref": "nightly",
        "repo": "rust-analyzer",
        "type": "github"
      }
    },
    "rust-analyzer-src_2": {
      "flake": false,
      "locked": {
        "lastModified": 1644768937,
        "narHash": "sha256-VUjkga+1vneQ/QebwSNcVn1fSeuoTSm8rBtqKUDI22s=",
        "owner": "rust-analyzer",
        "repo": "rust-analyzer",
        "rev": "02904e99acc3daf39b56ed18aa07e62aeb9492c5",
        "type": "github"
      },
      "original": {
        "owner": "rust-analyzer",
        "repo": "rust-analyzer",
        "type": "github"
      }
    },
    "rust-overlay": {
      "inputs": {
        "flake-utils": [
          "flake-utils"
        ],
        "nixpkgs": [
          "nixpkgs"
        ]
      },
      "locked": {
        "lastModified": 1644805765,
        "narHash": "sha256-UfeHtcBX8FwamSvXg5VDi7YAXAzZiL0rGvHNxSXECZI=",
        "owner": "oxalica",
        "repo": "rust-overlay",
        "rev": "b03af6d202857bfcaa4a7fba859e32b3714d0f3f",
        "type": "github"
      },
      "original": {
        "owner": "oxalica",
        "repo": "rust-overlay",
        "type": "github"
      }
    },
    "struct": {
      "inputs": {
        "flake-compat": "flake-compat",
        "nixpkgs": [
          "nixpkgs"
        ]
      },
      "locked": {
        "lastModified": 1639432871,
        "narHash": "sha256-rFV3CwSIupnVZre4iqCoKETMRjHFGUodi1K61bTXkrA=",
        "owner": "braunse",
        "repo": "nix-flake-structure",
        "rev": "d012e3d170b7fab0728c5b9536dfa569fea4b917",
        "type": "github"
      },
      "original": {
        "owner": "braunse",
        "repo": "nix-flake-structure",
        "type": "github"
      }
    }
  },
  "root": "root",
  "version": 7
}
